PODS:
  - Cartography (4.0.0)
  - ViewAnimator (3.0.2)

DEPENDENCIES:
  - Cartography
  - ViewAnimator

SPEC REPOS:
  trunk:
    - Cartography
    - ViewAnimator

SPEC CHECKSUMS:
  Cartography: c5626d29056b20f1e95c017326ee4df57cc39ad8
  ViewAnimator: 16435576cd44fca0b0d63147d5031fd3e91d295a

PODFILE CHECKSUM: 62791440f38784e920550c6b5a93c5d8d85979b7

COCOAPODS: 1.8.4
