// !$*UTF8*$!
{
	archiveVersion = 1;
	classes = {
	};
	objectVersion = 51;
	objects = {

/* Begin PBXBuildFile section */
		281B1A132D95EE63F6B128F5 /* Pods_ios_example.framework in Frameworks */ = {isa = PBXBuildFile; fileRef = 4614A2AE66BE8C60A7F71784 /* Pods_ios_example.framework */; };
		7F05837C2549BD740042C41A /* SizeClassesViewController.swift in Sources */ = {isa = PBXBuildFile; fileRef = 7F05837B2549BD740042C41A /* SizeClassesViewController.swift */; };
		7F0583802549BD7F0042C41A /* SizeClasses.storyboard in Resources */ = {isa = PBXBuildFile; fileRef = 7F05837F2549BD7F0042C41A /* SizeClasses.storyboard */; };
		7F05DBAD254D177800E7F25E /* NetflixMovieController.swift in Sources */ = {isa = PBXBuildFile; fileRef = 7F05DBAC254D177800E7F25E /* NetflixMovieController.swift */; };
		7F05DBB0254D179D00E7F25E /* NetflixMovie.storyboard in Resources */ = {isa = PBXBuildFile; fileRef = 7F05DBAF254D179D00E7F25E /* NetflixMovie.storyboard */; };
		7F05DBB5254D1ABE00E7F25E /* MovieCell.swift in Sources */ = {isa = PBXBuildFile; fileRef = 7F05DBB4254D1ABE00E7F25E /* MovieCell.swift */; };
		7F05DBB8254D1ED600E7F25E /* MovieModel.swift in Sources */ = {isa = PBXBuildFile; fileRef = 7F05DBB7254D1ED600E7F25E /* MovieModel.swift */; };
		7F2A228E253FD8CB0066476B /* NetworkDemo.storyboard in Resources */ = {isa = PBXBuildFile; fileRef = 7F2A228C253FD8CB0066476B /* NetworkDemo.storyboard */; };
		7F51358123E114240043438D /* AppDelegate.swift in Sources */ = {isa = PBXBuildFile; fileRef = 7F51358023E114240043438D /* AppDelegate.swift */; };
		7F51358323E114240043438D /* SceneDelegate.swift in Sources */ = {isa = PBXBuildFile; fileRef = 7F51358223E114240043438D /* SceneDelegate.swift */; };
		7F51358523E114240043438D /* ViewController.swift in Sources */ = {isa = PBXBuildFile; fileRef = 7F51358423E114240043438D /* ViewController.swift */; };
		7F51358823E114240043438D /* Main.storyboard in Resources */ = {isa = PBXBuildFile; fileRef = 7F51358623E114240043438D /* Main.storyboard */; };
		7F51358A23E114250043438D /* Assets.xcassets in Resources */ = {isa = PBXBuildFile; fileRef = 7F51358923E114250043438D /* Assets.xcassets */; };
		7F51358D23E114250043438D /* LaunchScreen.storyboard in Resources */ = {isa = PBXBuildFile; fileRef = 7F51358B23E114250043438D /* LaunchScreen.storyboard */; };
		7F51359623E116430043438D /* TableViewController.swift in Sources */ = {isa = PBXBuildFile; fileRef = 7F51359523E116430043438D /* TableViewController.swift */; };
		7F51359A23E11B480043438D /* TableViewController2.swift in Sources */ = {isa = PBXBuildFile; fileRef = 7F51359923E11B480043438D /* TableViewController2.swift */; };
		7F51359D23E169520043438D /* CustomViewController.swift in Sources */ = {isa = PBXBuildFile; fileRef = 7F51359C23E169520043438D /* CustomViewController.swift */; };
		7F51359F23E169ED0043438D /* CustomView.swift in Sources */ = {isa = PBXBuildFile; fileRef = 7F51359E23E169ED0043438D /* CustomView.swift */; };
		7F5135A123E16D150043438D /* CustomView2.swift in Sources */ = {isa = PBXBuildFile; fileRef = 7F5135A023E16D150043438D /* CustomView2.swift */; };
		7F5135A423E172880043438D /* VerticalCollectionViewController.swift in Sources */ = {isa = PBXBuildFile; fileRef = 7F5135A323E172880043438D /* VerticalCollectionViewController.swift */; };
		7F5135A823E18EAD0043438D /* AdvanceCollectionViewController.swift in Sources */ = {isa = PBXBuildFile; fileRef = 7F5135A723E18EAD0043438D /* AdvanceCollectionViewController.swift */; };
		7F56F4F023E3F6AC00FE1263 /* VerticalCollectionViewController.png in Resources */ = {isa = PBXBuildFile; fileRef = 7F56F4EF23E3F6AC00FE1263 /* VerticalCollectionViewController.png */; };
		7F56F4F323E3F7B600FE1263 /* Horizontal-CollectionView.png in Resources */ = {isa = PBXBuildFile; fileRef = 7F56F4F223E3F7B600FE1263 /* Horizontal-CollectionView.png */; };
		7F56F4F523E3F80600FE1263 /* Horizontal-CollectionView2.png in Resources */ = {isa = PBXBuildFile; fileRef = 7F56F4F423E3F80600FE1263 /* Horizontal-CollectionView2.png */; };
		7F56F4F723E401EB00FE1263 /* MultipleSectionTableViewController.swift in Sources */ = {isa = PBXBuildFile; fileRef = 7F56F4F623E401EB00FE1263 /* MultipleSectionTableViewController.swift */; };
		7F56F4F923E408A200FE1263 /* HeadersFootersTableViewController.swift in Sources */ = {isa = PBXBuildFile; fileRef = 7F56F4F823E408A200FE1263 /* HeadersFootersTableViewController.swift */; };
		7F5CBA5D23E809810032D502 /* TableViewCollectionViewController.swift in Sources */ = {isa = PBXBuildFile; fileRef = 7F5CBA5C23E809810032D502 /* TableViewCollectionViewController.swift */; };
		7F5CBA6023E80ABA0032D502 /* MyCollectionView.swift in Sources */ = {isa = PBXBuildFile; fileRef = 7F5CBA5E23E80ABA0032D502 /* MyCollectionView.swift */; };
		7F5CBA6123E80ABA0032D502 /* CollectionViewCell.swift in Sources */ = {isa = PBXBuildFile; fileRef = 7F5CBA5F23E80ABA0032D502 /* CollectionViewCell.swift */; };
		7F5CBA6323E80AFD0032D502 /* DataModel.swift in Sources */ = {isa = PBXBuildFile; fileRef = 7F5CBA6223E80AFD0032D502 /* DataModel.swift */; };
		7F5CBA6523E819BB0032D502 /* MyCollectionView2.swift in Sources */ = {isa = PBXBuildFile; fileRef = 7F5CBA6423E819BB0032D502 /* MyCollectionView2.swift */; };
		7FA5CCF2254D0DF400B28545 /* PodUsagesViewController.swift in Sources */ = {isa = PBXBuildFile; fileRef = 7FA5CCF1254D0DF400B28545 /* PodUsagesViewController.swift */; };
		7FA5CCF6254D0E1000B28545 /* PodUsages.storyboard in Resources */ = {isa = PBXBuildFile; fileRef = 7FA5CCF5254D0E1000B28545 /* PodUsages.storyboard */; };
		7FB3ECD625432D7600F653AF /* AutoLayoutViewCntroller.swift in Sources */ = {isa = PBXBuildFile; fileRef = 7FB3ECD525432D7600F653AF /* AutoLayoutViewCntroller.swift */; };
		7FB3ECDA25432D9700F653AF /* AutoLayout.storyboard in Resources */ = {isa = PBXBuildFile; fileRef = 7FB3ECD925432D9700F653AF /* AutoLayout.storyboard */; };
		7FB3ECDD25434CFC00F653AF /* PriorityConstraintViewController.swift in Sources */ = {isa = PBXBuildFile; fileRef = 7FB3ECDC25434CFC00F653AF /* PriorityConstraintViewController.swift */; };
		7FB3ECE02543D48600F653AF /* InstrinsicContentSizeViewController.swift in Sources */ = {isa = PBXBuildFile; fileRef = 7FB3ECDF2543D48600F653AF /* InstrinsicContentSizeViewController.swift */; };
		7FB3ECE52543EB0F00F653AF /* AdaptiveLayoutViewCntroller.swift in Sources */ = {isa = PBXBuildFile; fileRef = 7FB3ECE42543EB0F00F653AF /* AdaptiveLayoutViewCntroller.swift */; };
		7FB3ECE82543EB1D00F653AF /* AdaptiveLayout.storyboard in Resources */ = {isa = PBXBuildFile; fileRef = 7FB3ECE72543EB1D00F653AF /* AdaptiveLayout.storyboard */; };
		7FB3ECF92544342500F653AF /* AutoLayoutViewCntroller2.swift in Sources */ = {isa = PBXBuildFile; fileRef = 7FB3ECF82544342500F653AF /* AutoLayoutViewCntroller2.swift */; };
		7FB3ECFD2544343500F653AF /* AutoLayout2.storyboard in Resources */ = {isa = PBXBuildFile; fileRef = 7FB3ECFC2544343500F653AF /* AutoLayout2.storyboard */; };
		7FB3ED022544344D00F653AF /* BasicPlacementToCorners1.swift in Sources */ = {isa = PBXBuildFile; fileRef = 7FB3ED012544344D00F653AF /* BasicPlacementToCorners1.swift */; };
		7FB3ED082544458100F653AF /* SignUpViewController.swift in Sources */ = {isa = PBXBuildFile; fileRef = 7FB3ED072544458100F653AF /* SignUpViewController.swift */; };
		7FB3ED0E2544569300F653AF /* PriorityConstraintViewController2.swift in Sources */ = {isa = PBXBuildFile; fileRef = 7FB3ED0D2544569300F653AF /* PriorityConstraintViewController2.swift */; };
		7FDBD6D7254705A60025273A /* auto_layout2.png in Resources */ = {isa = PBXBuildFile; fileRef = 7FDBD6D5254705A60025273A /* auto_layout2.png */; };
		7FDBD6D8254705A60025273A /* auto_layout.png in Resources */ = {isa = PBXBuildFile; fileRef = 7FDBD6D6254705A60025273A /* auto_layout.png */; };
		7FDBD6DC254706570025273A /* CustomVCViewController1.swift in Sources */ = {isa = PBXBuildFile; fileRef = 7FDBD6DB254706570025273A /* CustomVCViewController1.swift */; };
		7FDBD6E0254706660025273A /* CustomVC.storyboard in Resources */ = {isa = PBXBuildFile; fileRef = 7FDBD6DF254706660025273A /* CustomVC.storyboard */; };
		7FDBD6E3254706980025273A /* Child1ViewController.swift in Sources */ = {isa = PBXBuildFile; fileRef = 7FDBD6E2254706980025273A /* Child1ViewController.swift */; };
		7FDBD6E6254706CC0025273A /* Child1.storyboard in Resources */ = {isa = PBXBuildFile; fileRef = 7FDBD6E5254706CC0025273A /* Child1.storyboard */; };
		7FDBD6F3254718AD0025273A /* Child2ViewController.swift in Sources */ = {isa = PBXBuildFile; fileRef = 7FDBD6F2254718AD0025273A /* Child2ViewController.swift */; };
		7FDBD6F6254718B60025273A /* Child2.storyboard in Resources */ = {isa = PBXBuildFile; fileRef = 7FDBD6F5254718B60025273A /* Child2.storyboard */; };
		7FEB275E2549799E00F24E13 /* LandScapeUIViewController.swift in Sources */ = {isa = PBXBuildFile; fileRef = 7FEB275D2549799E00F24E13 /* LandScapeUIViewController.swift */; };
		7FEB2762254979AC00F24E13 /* LandScapeUI.storyboard in Resources */ = {isa = PBXBuildFile; fileRef = 7FEB2761254979AC00F24E13 /* LandScapeUI.storyboard */; };
		7FFC89B0253FD67200CC7C30 /* NetworkDemoViewController.swift in Sources */ = {isa = PBXBuildFile; fileRef = 7FFC89AF253FD67200CC7C30 /* NetworkDemoViewController.swift */; };
/* End PBXBuildFile section */

/* Begin PBXFileReference section */
		2E44D8B391EE6B1D78B3DAC1 /* Pods-ios-example.release.xcconfig */ = {isa = PBXFileReference; includeInIndex = 1; lastKnownFileType = text.xcconfig; name = "Pods-ios-example.release.xcconfig"; path = "Target Support Files/Pods-ios-example/Pods-ios-example.release.xcconfig"; sourceTree = "<group>"; };
		3C4E79B8931820316F42A5A1 /* Pods-ios-example.debug.xcconfig */ = {isa = PBXFileReference; includeInIndex = 1; lastKnownFileType = text.xcconfig; name = "Pods-ios-example.debug.xcconfig"; path = "Target Support Files/Pods-ios-example/Pods-ios-example.debug.xcconfig"; sourceTree = "<group>"; };
		4614A2AE66BE8C60A7F71784 /* Pods_ios_example.framework */ = {isa = PBXFileReference; explicitFileType = wrapper.framework; includeInIndex = 0; path = Pods_ios_example.framework; sourceTree = BUILT_PRODUCTS_DIR; };
		7F05837B2549BD740042C41A /* SizeClassesViewController.swift */ = {isa = PBXFileReference; lastKnownFileType = sourcecode.swift; path = SizeClassesViewController.swift; sourceTree = "<group>"; };
		7F05837F2549BD7F0042C41A /* SizeClasses.storyboard */ = {isa = PBXFileReference; lastKnownFileType = file.storyboard; path = SizeClasses.storyboard; sourceTree = "<group>"; };
		7F05DBAC254D177800E7F25E /* NetflixMovieController.swift */ = {isa = PBXFileReference; lastKnownFileType = sourcecode.swift; path = NetflixMovieController.swift; sourceTree = "<group>"; };
		7F05DBAF254D179D00E7F25E /* NetflixMovie.storyboard */ = {isa = PBXFileReference; lastKnownFileType = file.storyboard; path = NetflixMovie.storyboard; sourceTree = "<group>"; };
		7F05DBB4254D1ABE00E7F25E /* MovieCell.swift */ = {isa = PBXFileReference; lastKnownFileType = sourcecode.swift; path = MovieCell.swift; sourceTree = "<group>"; };
		7F05DBB7254D1ED600E7F25E /* MovieModel.swift */ = {isa = PBXFileReference; lastKnownFileType = sourcecode.swift; path = MovieModel.swift; sourceTree = "<group>"; };
		7F2A228D253FD8CB0066476B /* Base */ = {isa = PBXFileReference; lastKnownFileType = file.storyboard; name = Base; path = "ios-example/Base.lproj/NetworkDemo.storyboard"; sourceTree = "<group>"; };
		7F51357D23E114240043438D /* ios-example.app */ = {isa = PBXFileReference; explicitFileType = wrapper.application; includeInIndex = 0; path = "ios-example.app"; sourceTree = BUILT_PRODUCTS_DIR; };
		7F51358023E114240043438D /* AppDelegate.swift */ = {isa = PBXFileReference; lastKnownFileType = sourcecode.swift; path = AppDelegate.swift; sourceTree = "<group>"; };
		7F51358223E114240043438D /* SceneDelegate.swift */ = {isa = PBXFileReference; lastKnownFileType = sourcecode.swift; path = SceneDelegate.swift; sourceTree = "<group>"; };
		7F51358423E114240043438D /* ViewController.swift */ = {isa = PBXFileReference; lastKnownFileType = sourcecode.swift; path = ViewController.swift; sourceTree = "<group>"; };
		7F51358723E114240043438D /* Base */ = {isa = PBXFileReference; lastKnownFileType = file.storyboard; name = Base; path = Base.lproj/Main.storyboard; sourceTree = "<group>"; };
		7F51358923E114250043438D /* Assets.xcassets */ = {isa = PBXFileReference; lastKnownFileType = folder.assetcatalog; path = Assets.xcassets; sourceTree = "<group>"; };
		7F51358C23E114250043438D /* Base */ = {isa = PBXFileReference; lastKnownFileType = file.storyboard; name = Base; path = Base.lproj/LaunchScreen.storyboard; sourceTree = "<group>"; };
		7F51358E23E114250043438D /* Info.plist */ = {isa = PBXFileReference; lastKnownFileType = text.plist.xml; path = Info.plist; sourceTree = "<group>"; };
		7F51359523E116430043438D /* TableViewController.swift */ = {isa = PBXFileReference; lastKnownFileType = sourcecode.swift; path = TableViewController.swift; sourceTree = "<group>"; };
		7F51359923E11B480043438D /* TableViewController2.swift */ = {isa = PBXFileReference; lastKnownFileType = sourcecode.swift; path = TableViewController2.swift; sourceTree = "<group>"; };
		7F51359C23E169520043438D /* CustomViewController.swift */ = {isa = PBXFileReference; lastKnownFileType = sourcecode.swift; path = CustomViewController.swift; sourceTree = "<group>"; };
		7F51359E23E169ED0043438D /* CustomView.swift */ = {isa = PBXFileReference; lastKnownFileType = sourcecode.swift; path = CustomView.swift; sourceTree = "<group>"; };
		7F5135A023E16D150043438D /* CustomView2.swift */ = {isa = PBXFileReference; fileEncoding = 4; lastKnownFileType = sourcecode.swift; path = CustomView2.swift; sourceTree = "<group>"; };
		7F5135A323E172880043438D /* VerticalCollectionViewController.swift */ = {isa = PBXFileReference; lastKnownFileType = sourcecode.swift; path = VerticalCollectionViewController.swift; sourceTree = "<group>"; };
		7F5135A723E18EAD0043438D /* AdvanceCollectionViewController.swift */ = {isa = PBXFileReference; fileEncoding = 4; lastKnownFileType = sourcecode.swift; path = AdvanceCollectionViewController.swift; sourceTree = "<group>"; };
		7F56F4EF23E3F6AC00FE1263 /* VerticalCollectionViewController.png */ = {isa = PBXFileReference; lastKnownFileType = image.png; path = VerticalCollectionViewController.png; sourceTree = "<group>"; };
		7F56F4F223E3F7B600FE1263 /* Horizontal-CollectionView.png */ = {isa = PBXFileReference; lastKnownFileType = image.png; path = "Horizontal-CollectionView.png"; sourceTree = "<group>"; };
		7F56F4F423E3F80600FE1263 /* Horizontal-CollectionView2.png */ = {isa = PBXFileReference; lastKnownFileType = image.png; path = "Horizontal-CollectionView2.png"; sourceTree = "<group>"; };
		7F56F4F623E401EB00FE1263 /* MultipleSectionTableViewController.swift */ = {isa = PBXFileReference; fileEncoding = 4; lastKnownFileType = sourcecode.swift; path = MultipleSectionTableViewController.swift; sourceTree = "<group>"; };
		7F56F4F823E408A200FE1263 /* HeadersFootersTableViewController.swift */ = {isa = PBXFileReference; fileEncoding = 4; lastKnownFileType = sourcecode.swift; path = HeadersFootersTableViewController.swift; sourceTree = "<group>"; };
		7F5CBA5C23E809810032D502 /* TableViewCollectionViewController.swift */ = {isa = PBXFileReference; lastKnownFileType = sourcecode.swift; path = TableViewCollectionViewController.swift; sourceTree = "<group>"; };
		7F5CBA5E23E80ABA0032D502 /* MyCollectionView.swift */ = {isa = PBXFileReference; fileEncoding = 4; lastKnownFileType = sourcecode.swift; path = MyCollectionView.swift; sourceTree = "<group>"; };
		7F5CBA5F23E80ABA0032D502 /* CollectionViewCell.swift */ = {isa = PBXFileReference; fileEncoding = 4; lastKnownFileType = sourcecode.swift; path = CollectionViewCell.swift; sourceTree = "<group>"; };
		7F5CBA6223E80AFD0032D502 /* DataModel.swift */ = {isa = PBXFileReference; fileEncoding = 4; lastKnownFileType = sourcecode.swift; path = DataModel.swift; sourceTree = "<group>"; };
		7F5CBA6423E819BB0032D502 /* MyCollectionView2.swift */ = {isa = PBXFileReference; fileEncoding = 4; lastKnownFileType = sourcecode.swift; path = MyCollectionView2.swift; sourceTree = "<group>"; };
		7FA5CCF1254D0DF400B28545 /* PodUsagesViewController.swift */ = {isa = PBXFileReference; lastKnownFileType = sourcecode.swift; path = PodUsagesViewController.swift; sourceTree = "<group>"; };
		7FA5CCF5254D0E1000B28545 /* PodUsages.storyboard */ = {isa = PBXFileReference; lastKnownFileType = file.storyboard; path = PodUsages.storyboard; sourceTree = "<group>"; };
		7FB3ECD525432D7600F653AF /* AutoLayoutViewCntroller.swift */ = {isa = PBXFileReference; lastKnownFileType = sourcecode.swift; path = AutoLayoutViewCntroller.swift; sourceTree = "<group>"; };
		7FB3ECD925432D9700F653AF /* AutoLayout.storyboard */ = {isa = PBXFileReference; lastKnownFileType = file.storyboard; path = AutoLayout.storyboard; sourceTree = "<group>"; };
		7FB3ECDC25434CFC00F653AF /* PriorityConstraintViewController.swift */ = {isa = PBXFileReference; lastKnownFileType = sourcecode.swift; path = PriorityConstraintViewController.swift; sourceTree = "<group>"; };
		7FB3ECDF2543D48600F653AF /* InstrinsicContentSizeViewController.swift */ = {isa = PBXFileReference; lastKnownFileType = sourcecode.swift; path = InstrinsicContentSizeViewController.swift; sourceTree = "<group>"; };
		7FB3ECE42543EB0F00F653AF /* AdaptiveLayoutViewCntroller.swift */ = {isa = PBXFileReference; lastKnownFileType = sourcecode.swift; path = AdaptiveLayoutViewCntroller.swift; sourceTree = "<group>"; };
		7FB3ECE72543EB1D00F653AF /* AdaptiveLayout.storyboard */ = {isa = PBXFileReference; lastKnownFileType = file.storyboard; path = AdaptiveLayout.storyboard; sourceTree = "<group>"; };
		7FB3ECF82544342500F653AF /* AutoLayoutViewCntroller2.swift */ = {isa = PBXFileReference; fileEncoding = 4; lastKnownFileType = sourcecode.swift; path = AutoLayoutViewCntroller2.swift; sourceTree = "<group>"; };
		7FB3ECFC2544343500F653AF /* AutoLayout2.storyboard */ = {isa = PBXFileReference; fileEncoding = 4; lastKnownFileType = file.storyboard; path = AutoLayout2.storyboard; sourceTree = "<group>"; };
		7FB3ED012544344D00F653AF /* BasicPlacementToCorners1.swift */ = {isa = PBXFileReference; fileEncoding = 4; lastKnownFileType = sourcecode.swift; path = BasicPlacementToCorners1.swift; sourceTree = "<group>"; };
		7FB3ED072544458100F653AF /* SignUpViewController.swift */ = {isa = PBXFileReference; lastKnownFileType = sourcecode.swift; path = SignUpViewController.swift; sourceTree = "<group>"; };
		7FB3ED0D2544569300F653AF /* PriorityConstraintViewController2.swift */ = {isa = PBXFileReference; lastKnownFileType = sourcecode.swift; path = PriorityConstraintViewController2.swift; sourceTree = "<group>"; };
		7FDBD6D5254705A60025273A /* auto_layout2.png */ = {isa = PBXFileReference; lastKnownFileType = image.png; path = auto_layout2.png; sourceTree = "<group>"; };
		7FDBD6D6254705A60025273A /* auto_layout.png */ = {isa = PBXFileReference; lastKnownFileType = image.png; path = auto_layout.png; sourceTree = "<group>"; };
		7FDBD6DB254706570025273A /* CustomVCViewController1.swift */ = {isa = PBXFileReference; lastKnownFileType = sourcecode.swift; path = CustomVCViewController1.swift; sourceTree = "<group>"; };
		7FDBD6DF254706660025273A /* CustomVC.storyboard */ = {isa = PBXFileReference; lastKnownFileType = file.storyboard; path = CustomVC.storyboard; sourceTree = "<group>"; };
		7FDBD6E2254706980025273A /* Child1ViewController.swift */ = {isa = PBXFileReference; lastKnownFileType = sourcecode.swift; path = Child1ViewController.swift; sourceTree = "<group>"; };
		7FDBD6E5254706CC0025273A /* Child1.storyboard */ = {isa = PBXFileReference; lastKnownFileType = file.storyboard; path = Child1.storyboard; sourceTree = "<group>"; };
		7FDBD6F2254718AD0025273A /* Child2ViewController.swift */ = {isa = PBXFileReference; lastKnownFileType = sourcecode.swift; path = Child2ViewController.swift; sourceTree = "<group>"; };
		7FDBD6F5254718B60025273A /* Child2.storyboard */ = {isa = PBXFileReference; lastKnownFileType = file.storyboard; path = Child2.storyboard; sourceTree = "<group>"; };
		7FEB275D2549799E00F24E13 /* LandScapeUIViewController.swift */ = {isa = PBXFileReference; lastKnownFileType = sourcecode.swift; path = LandScapeUIViewController.swift; sourceTree = "<group>"; };
		7FEB2761254979AC00F24E13 /* LandScapeUI.storyboard */ = {isa = PBXFileReference; lastKnownFileType = file.storyboard; path = LandScapeUI.storyboard; sourceTree = "<group>"; };
		7FFC89AF253FD67200CC7C30 /* NetworkDemoViewController.swift */ = {isa = PBXFileReference; fileEncoding = 4; lastKnownFileType = sourcecode.swift; path = NetworkDemoViewController.swift; sourceTree = "<group>"; };
/* End PBXFileReference section */

/* Begin PBXFrameworksBuildPhase section */
		7F51357A23E114240043438D /* Frameworks */ = {
			isa = PBXFrameworksBuildPhase;
			buildActionMask = 2147483647;
			files = (
				281B1A132D95EE63F6B128F5 /* Pods_ios_example.framework in Frameworks */,
			);
			runOnlyForDeploymentPostprocessing = 0;
		};
/* End PBXFrameworksBuildPhase section */

/* Begin PBXGroup section */
		66C8637E565A9665D04DE4B8 /* Frameworks */ = {
			isa = PBXGroup;
			children = (
				4614A2AE66BE8C60A7F71784 /* Pods_ios_example.framework */,
			);
			name = Frameworks;
			sourceTree = "<group>";
		};
		7F05837A2549BD550042C41A /* SizeClasses */ = {
			isa = PBXGroup;
			children = (
				7F05837B2549BD740042C41A /* SizeClassesViewController.swift */,
				7F05837F2549BD7F0042C41A /* SizeClasses.storyboard */,
			);
			path = SizeClasses;
			sourceTree = "<group>";
		};
		7F05DBA8254D167700E7F25E /* WithoutStoryBoard */ = {
			isa = PBXGroup;
			children = (
				7F5CBA5B23E809440032D502 /* TableViewCollectionView */,
				7F51359B23E1691E0043438D /* CustomView */,
				7F51359423E116060043438D /* TableView */,
				7F5135A223E1726B0043438D /* CollectionView */,
			);
			path = WithoutStoryBoard;
			sourceTree = "<group>";
		};
		7F05DBAA254D175400E7F25E /* CollectionView */ = {
			isa = PBXGroup;
			children = (
				7F05DBAC254D177800E7F25E /* NetflixMovieController.swift */,
				7F05DBAF254D179D00E7F25E /* NetflixMovie.storyboard */,
				7F05DBB4254D1ABE00E7F25E /* MovieCell.swift */,
				7F05DBB7254D1ED600E7F25E /* MovieModel.swift */,
			);
			path = CollectionView;
			sourceTree = "<group>";
		};
		7F51357423E114240043438D = {
			isa = PBXGroup;
			children = (
				7F51357F23E114240043438D /* ios-example */,
				7F51357E23E114240043438D /* Products */,
				9CF0A6EFF2051DCE6600240D /* Pods */,
				66C8637E565A9665D04DE4B8 /* Frameworks */,
			);
			sourceTree = "<group>";
		};
		7F51357E23E114240043438D /* Products */ = {
			isa = PBXGroup;
			children = (
				7F51357D23E114240043438D /* ios-example.app */,
			);
			name = Products;
			sourceTree = "<group>";
		};
		7F51357F23E114240043438D /* ios-example */ = {
			isa = PBXGroup;
			children = (
				7F05DBAA254D175400E7F25E /* CollectionView */,
				7F05DBA8254D167700E7F25E /* WithoutStoryBoard */,
				7FA5CCF0254D0DBB00B28545 /* PodUsages */,
				7F05837A2549BD550042C41A /* SizeClasses */,
				7FEB275C2549797D00F24E13 /* LandscapeUI */,
				7FDBD6DA254706380025273A /* CustomViewController */,
				7FB3ECF72544340400F653AF /* Autolayout2 */,
				7FB3ECE22543E9E600F653AF /* AdaptiveLayout */,
				7FB3ECD425432D0100F653AF /* Autolayout */,
				7FFC89AD253FD5BF00CC7C30 /* Network */,
				7F56F4F123E3F6B100FE1263 /* screen-shots */,
				7F51358023E114240043438D /* AppDelegate.swift */,
				7F51358223E114240043438D /* SceneDelegate.swift */,
				7F51358423E114240043438D /* ViewController.swift */,
				7F51358623E114240043438D /* Main.storyboard */,
				7F51358923E114250043438D /* Assets.xcassets */,
				7F51358B23E114250043438D /* LaunchScreen.storyboard */,
				7F51358E23E114250043438D /* Info.plist */,
			);
			path = "ios-example";
			sourceTree = "<group>";
		};
		7F51359423E116060043438D /* TableView */ = {
			isa = PBXGroup;
			children = (
				7F51359523E116430043438D /* TableViewController.swift */,
				7F51359923E11B480043438D /* TableViewController2.swift */,
				7F56F4F623E401EB00FE1263 /* MultipleSectionTableViewController.swift */,
				7F56F4F823E408A200FE1263 /* HeadersFootersTableViewController.swift */,
			);
			path = TableView;
			sourceTree = "<group>";
		};
		7F51359B23E1691E0043438D /* CustomView */ = {
			isa = PBXGroup;
			children = (
				7F51359C23E169520043438D /* CustomViewController.swift */,
				7F51359E23E169ED0043438D /* CustomView.swift */,
				7F5135A023E16D150043438D /* CustomView2.swift */,
			);
			path = CustomView;
			sourceTree = "<group>";
		};
		7F5135A223E1726B0043438D /* CollectionView */ = {
			isa = PBXGroup;
			children = (
				7F5135A323E172880043438D /* VerticalCollectionViewController.swift */,
				7F5135A723E18EAD0043438D /* AdvanceCollectionViewController.swift */,
			);
			path = CollectionView;
			sourceTree = "<group>";
		};
		7F56F4F123E3F6B100FE1263 /* screen-shots */ = {
			isa = PBXGroup;
			children = (
				7FDBD6D6254705A60025273A /* auto_layout.png */,
				7FDBD6D5254705A60025273A /* auto_layout2.png */,
				7F56F4F423E3F80600FE1263 /* Horizontal-CollectionView2.png */,
				7F56F4F223E3F7B600FE1263 /* Horizontal-CollectionView.png */,
				7F56F4EF23E3F6AC00FE1263 /* VerticalCollectionViewController.png */,
			);
			path = "screen-shots";
			sourceTree = "<group>";
		};
		7F5CBA5B23E809440032D502 /* TableViewCollectionView */ = {
			isa = PBXGroup;
			children = (
				7F5CBA6423E819BB0032D502 /* MyCollectionView2.swift */,
				7F5CBA6223E80AFD0032D502 /* DataModel.swift */,
				7F5CBA5E23E80ABA0032D502 /* MyCollectionView.swift */,
				7F5CBA5F23E80ABA0032D502 /* CollectionViewCell.swift */,
				7F5CBA5C23E809810032D502 /* TableViewCollectionViewController.swift */,
			);
			path = TableViewCollectionView;
			sourceTree = "<group>";
		};
		7FA5CCF0254D0DBB00B28545 /* PodUsages */ = {
			isa = PBXGroup;
			children = (
				7FA5CCF1254D0DF400B28545 /* PodUsagesViewController.swift */,
				7FA5CCF5254D0E1000B28545 /* PodUsages.storyboard */,
			);
			path = PodUsages;
			sourceTree = "<group>";
		};
		7FB3ECD425432D0100F653AF /* Autolayout */ = {
			isa = PBXGroup;
			children = (
				7FB3ECD525432D7600F653AF /* AutoLayoutViewCntroller.swift */,
				7FB3ECD925432D9700F653AF /* AutoLayout.storyboard */,
				7FB3ECDC25434CFC00F653AF /* PriorityConstraintViewController.swift */,
				7FB3ECDF2543D48600F653AF /* InstrinsicContentSizeViewController.swift */,
			);
			path = Autolayout;
			sourceTree = "<group>";
		};
		7FB3ECE22543E9E600F653AF /* AdaptiveLayout */ = {
			isa = PBXGroup;
			children = (
				7FB3ECE42543EB0F00F653AF /* AdaptiveLayoutViewCntroller.swift */,
				7FB3ECE72543EB1D00F653AF /* AdaptiveLayout.storyboard */,
			);
			path = AdaptiveLayout;
			sourceTree = "<group>";
		};
		7FB3ECF72544340400F653AF /* Autolayout2 */ = {
			isa = PBXGroup;
			children = (
				7FB3ECFC2544343500F653AF /* AutoLayout2.storyboard */,
				7FB3ECF82544342500F653AF /* AutoLayoutViewCntroller2.swift */,
				7FB3ED012544344D00F653AF /* BasicPlacementToCorners1.swift */,
				7FB3ED072544458100F653AF /* SignUpViewController.swift */,
				7FB3ED0D2544569300F653AF /* PriorityConstraintViewController2.swift */,
			);
			name = Autolayout2;
			path = Autolayout/Autolayout2;
			sourceTree = "<group>";
		};
		7FDBD6DA254706380025273A /* CustomViewController */ = {
			isa = PBXGroup;
			children = (
				7FDBD6DB254706570025273A /* CustomVCViewController1.swift */,
				7FDBD6DF254706660025273A /* CustomVC.storyboard */,
				7FDBD6E2254706980025273A /* Child1ViewController.swift */,
				7FDBD6E5254706CC0025273A /* Child1.storyboard */,
				7FDBD6F2254718AD0025273A /* Child2ViewController.swift */,
				7FDBD6F5254718B60025273A /* Child2.storyboard */,
			);
			path = CustomViewController;
			sourceTree = "<group>";
		};
		7FEB275C2549797D00F24E13 /* LandscapeUI */ = {
			isa = PBXGroup;
			children = (
				7FEB275D2549799E00F24E13 /* LandScapeUIViewController.swift */,
				7FEB2761254979AC00F24E13 /* LandScapeUI.storyboard */,
			);
			path = LandscapeUI;
			sourceTree = "<group>";
		};
		7FFC89AD253FD5BF00CC7C30 /* Network */ = {
			isa = PBXGroup;
			children = (
				7F2A228C253FD8CB0066476B /* NetworkDemo.storyboard */,
				7FFC89AF253FD67200CC7C30 /* NetworkDemoViewController.swift */,
			);
			path = Network;
			sourceTree = "<group>";
		};
		9CF0A6EFF2051DCE6600240D /* Pods */ = {
			isa = PBXGroup;
			children = (
				3C4E79B8931820316F42A5A1 /* Pods-ios-example.debug.xcconfig */,
				2E44D8B391EE6B1D78B3DAC1 /* Pods-ios-example.release.xcconfig */,
			);
			path = Pods;
			sourceTree = "<group>";
		};
/* End PBXGroup section */

/* Begin PBXNativeTarget section */
		7F51357C23E114240043438D /* ios-example */ = {
			isa = PBXNativeTarget;
			buildConfigurationList = 7F51359123E114250043438D /* Build configuration list for PBXNativeTarget "ios-example" */;
			buildPhases = (
				1DE79B9F8CF27195685F650B /* [CP] Check Pods Manifest.lock */,
				7F51357923E114240043438D /* Sources */,
				7F51357A23E114240043438D /* Frameworks */,
				7F51357B23E114240043438D /* Resources */,
				B4ED8B9955B89E46791D01FC /* [CP] Embed Pods Frameworks */,
			);
			buildRules = (
			);
			dependencies = (
			);
			name = "ios-example";
			productName = "ios-example";
			productReference = 7F51357D23E114240043438D /* ios-example.app */;
			productType = "com.apple.product-type.application";
		};
/* End PBXNativeTarget section */

/* Begin PBXProject section */
		7F51357523E114240043438D /* Project object */ = {
			isa = PBXProject;
			attributes = {
				LastSwiftUpdateCheck = 1130;
				LastUpgradeCheck = 1130;
				ORGANIZATIONNAME = "Dinakar Prasad Maurya";
				TargetAttributes = {
					7F51357C23E114240043438D = {
						CreatedOnToolsVersion = 11.3.1;
					};
				};
			};
			buildConfigurationList = 7F51357823E114240043438D /* Build configuration list for PBXProject "ios-example" */;
			compatibilityVersion = "Xcode 9.3";
			developmentRegion = en;
			hasScannedForEncodings = 0;
			knownRegions = (
				en,
				Base,
			);
			mainGroup = 7F51357423E114240043438D;
			productRefGroup = 7F51357E23E114240043438D /* Products */;
			projectDirPath = "";
			projectRoot = "";
			targets = (
				7F51357C23E114240043438D /* ios-example */,
			);
		};
/* End PBXProject section */

/* Begin PBXResourcesBuildPhase section */
		7F51357B23E114240043438D /* Resources */ = {
			isa = PBXResourcesBuildPhase;
			buildActionMask = 2147483647;
			files = (
				7FA5CCF6254D0E1000B28545 /* PodUsages.storyboard in Resources */,
				7F56F4F523E3F80600FE1263 /* Horizontal-CollectionView2.png in Resources */,
				7FDBD6E0254706660025273A /* CustomVC.storyboard in Resources */,
				7FDBD6D8254705A60025273A /* auto_layout.png in Resources */,
				7F56F4F323E3F7B600FE1263 /* Horizontal-CollectionView.png in Resources */,
				7F05DBB0254D179D00E7F25E /* NetflixMovie.storyboard in Resources */,
				7F56F4F023E3F6AC00FE1263 /* VerticalCollectionViewController.png in Resources */,
				7F0583802549BD7F0042C41A /* SizeClasses.storyboard in Resources */,
				7FDBD6D7254705A60025273A /* auto_layout2.png in Resources */,
				7FEB2762254979AC00F24E13 /* LandScapeUI.storyboard in Resources */,
				7FB3ECDA25432D9700F653AF /* AutoLayout.storyboard in Resources */,
				7FDBD6E6254706CC0025273A /* Child1.storyboard in Resources */,
				7F51358D23E114250043438D /* LaunchScreen.storyboard in Resources */,
				7F51358A23E114250043438D /* Assets.xcassets in Resources */,
				7FB3ECFD2544343500F653AF /* AutoLayout2.storyboard in Resources */,
				7F51358823E114240043438D /* Main.storyboard in Resources */,
				7F2A228E253FD8CB0066476B /* NetworkDemo.storyboard in Resources */,
				7FB3ECE82543EB1D00F653AF /* AdaptiveLayout.storyboard in Resources */,
				7FDBD6F6254718B60025273A /* Child2.storyboard in Resources */,
			);
			runOnlyForDeploymentPostprocessing = 0;
		};
/* End PBXResourcesBuildPhase section */

/* Begin PBXShellScriptBuildPhase section */
		1DE79B9F8CF27195685F650B /* [CP] Check Pods Manifest.lock */ = {
			isa = PBXShellScriptBuildPhase;
			buildActionMask = 2147483647;
			files = (
			);
			inputFileListPaths = (
			);
			inputPaths = (
				"${PODS_PODFILE_DIR_PATH}/Podfile.lock",
				"${PODS_ROOT}/Manifest.lock",
			);
			name = "[CP] Check Pods Manifest.lock";
			outputFileListPaths = (
			);
			outputPaths = (
				"$(DERIVED_FILE_DIR)/Pods-ios-example-checkManifestLockResult.txt",
			);
			runOnlyForDeploymentPostprocessing = 0;
			shellPath = /bin/sh;
			shellScript = "diff \"${PODS_PODFILE_DIR_PATH}/Podfile.lock\" \"${PODS_ROOT}/Manifest.lock\" > /dev/null\nif [ $? != 0 ] ; then\n    # print error to STDERR\n    echo \"error: The sandbox is not in sync with the Podfile.lock. Run 'pod install' or update your CocoaPods installation.\" >&2\n    exit 1\nfi\n# This output is used by Xcode 'outputs' to avoid re-running this script phase.\necho \"SUCCESS\" > \"${SCRIPT_OUTPUT_FILE_0}\"\n";
			showEnvVarsInLog = 0;
		};
		B4ED8B9955B89E46791D01FC /* [CP] Embed Pods Frameworks */ = {
			isa = PBXShellScriptBuildPhase;
			buildActionMask = 2147483647;
			files = (
			);
			inputFileListPaths = (
				"${PODS_ROOT}/Target Support Files/Pods-ios-example/Pods-ios-example-frameworks-${CONFIGURATION}-input-files.xcfilelist",
			);
			name = "[CP] Embed Pods Frameworks";
			outputFileListPaths = (
				"${PODS_ROOT}/Target Support Files/Pods-ios-example/Pods-ios-example-frameworks-${CONFIGURATION}-output-files.xcfilelist",
			);
			runOnlyForDeploymentPostprocessing = 0;
			shellPath = /bin/sh;
			shellScript = "\"${PODS_ROOT}/Target Support Files/Pods-ios-example/Pods-ios-example-frameworks.sh\"\n";
			showEnvVarsInLog = 0;
		};
/* End PBXShellScriptBuildPhase section */

/* Begin PBXSourcesBuildPhase section */
		7F51357923E114240043438D /* Sources */ = {
			isa = PBXSourcesBuildPhase;
			buildActionMask = 2147483647;
			files = (
				7FDBD6DC254706570025273A /* CustomVCViewController1.swift in Sources */,
				7FFC89B0253FD67200CC7C30 /* NetworkDemoViewController.swift in Sources */,
				7F05DBB5254D1ABE00E7F25E /* MovieCell.swift in Sources */,
				7FA5CCF2254D0DF400B28545 /* PodUsagesViewController.swift in Sources */,
				7FEB275E2549799E00F24E13 /* LandScapeUIViewController.swift in Sources */,
				7F5135A423E172880043438D /* VerticalCollectionViewController.swift in Sources */,
				7FDBD6F3254718AD0025273A /* Child2ViewController.swift in Sources */,
				7FB3ED022544344D00F653AF /* BasicPlacementToCorners1.swift in Sources */,
				7F5CBA6123E80ABA0032D502 /* CollectionViewCell.swift in Sources */,
				7F05DBB8254D1ED600E7F25E /* MovieModel.swift in Sources */,
				7FB3ED0E2544569300F653AF /* PriorityConstraintViewController2.swift in Sources */,
				7FB3ECDD25434CFC00F653AF /* PriorityConstraintViewController.swift in Sources */,
				7F56F4F923E408A200FE1263 /* HeadersFootersTableViewController.swift in Sources */,
				7F51359A23E11B480043438D /* TableViewController2.swift in Sources */,
				7F5CBA6523E819BB0032D502 /* MyCollectionView2.swift in Sources */,
				7FB3ECE02543D48600F653AF /* InstrinsicContentSizeViewController.swift in Sources */,
				7F51358523E114240043438D /* ViewController.swift in Sources */,
				7F51358123E114240043438D /* AppDelegate.swift in Sources */,
				7F05837C2549BD740042C41A /* SizeClassesViewController.swift in Sources */,
				7FDBD6E3254706980025273A /* Child1ViewController.swift in Sources */,
				7F51359F23E169ED0043438D /* CustomView.swift in Sources */,
				7F5CBA6023E80ABA0032D502 /* MyCollectionView.swift in Sources */,
				7FB3ECE52543EB0F00F653AF /* AdaptiveLayoutViewCntroller.swift in Sources */,
				7F05DBAD254D177800E7F25E /* NetflixMovieController.swift in Sources */,
				7F5CBA6323E80AFD0032D502 /* DataModel.swift in Sources */,
				7F5135A823E18EAD0043438D /* AdvanceCollectionViewController.swift in Sources */,
				7FB3ECF92544342500F653AF /* AutoLayoutViewCntroller2.swift in Sources */,
				7FB3ECD625432D7600F653AF /* AutoLayoutViewCntroller.swift in Sources */,
				7F56F4F723E401EB00FE1263 /* MultipleSectionTableViewController.swift in Sources */,
				7F5135A123E16D150043438D /* CustomView2.swift in Sources */,
				7F5CBA5D23E809810032D502 /* TableViewCollectionViewController.swift in Sources */,
				7F51359D23E169520043438D /* CustomViewController.swift in Sources */,
				7F51358323E114240043438D /* SceneDelegate.swift in Sources */,
				7FB3ED082544458100F653AF /* SignUpViewController.swift in Sources */,
				7F51359623E116430043438D /* TableViewController.swift in Sources */,
			);
			runOnlyForDeploymentPostprocessing = 0;
		};
/* End PBXSourcesBuildPhase section */

/* Begin PBXVariantGroup section */
		7F2A228C253FD8CB0066476B /* NetworkDemo.storyboard */ = {
			isa = PBXVariantGroup;
			children = (
				7F2A228D253FD8CB0066476B /* Base */,
			);
			name = NetworkDemo.storyboard;
			sourceTree = "<group>";
		};
		7F51358623E114240043438D /* Main.storyboard */ = {
			isa = PBXVariantGroup;
			children = (
				7F51358723E114240043438D /* Base */,
			);
			name = Main.storyboard;
			sourceTree = "<group>";
		};
		7F51358B23E114250043438D /* LaunchScreen.storyboard */ = {
			isa = PBXVariantGroup;
			children = (
				7F51358C23E114250043438D /* Base */,
			);
			name = LaunchScreen.storyboard;
			sourceTree = "<group>";
		};
/* End PBXVariantGroup section */

/* Begin XCBuildConfiguration section */
		7F51358F23E114250043438D /* Debug */ = {
			isa = XCBuildConfiguration;
			buildSettings = {
				ALWAYS_SEARCH_USER_PATHS = NO;
				CLANG_ANALYZER_NONNULL = YES;
				CLANG_ANALYZER_NUMBER_OBJECT_CONVERSION = YES_AGGRESSIVE;
				CLANG_CXX_LANGUAGE_STANDARD = "gnu++14";
				CLANG_CXX_LIBRARY = "libc++";
				CLANG_ENABLE_MODULES = YES;
				CLANG_ENABLE_OBJC_ARC = YES;
				CLANG_ENABLE_OBJC_WEAK = YES;
				CLANG_WARN_BLOCK_CAPTURE_AUTORELEASING = YES;
				CLANG_WARN_BOOL_CONVERSION = YES;
				CLANG_WARN_COMMA = YES;
				CLANG_WARN_CONSTANT_CONVERSION = YES;
				CLANG_WARN_DEPRECATED_OBJC_IMPLEMENTATIONS = YES;
				CLANG_WARN_DIRECT_OBJC_ISA_USAGE = YES_ERROR;
				CLANG_WARN_DOCUMENTATION_COMMENTS = YES;
				CLANG_WARN_EMPTY_BODY = YES;
				CLANG_WARN_ENUM_CONVERSION = YES;
				CLANG_WARN_INFINITE_RECURSION = YES;
				CLANG_WARN_INT_CONVERSION = YES;
				CLANG_WARN_NON_LITERAL_NULL_CONVERSION = YES;
				CLANG_WARN_OBJC_IMPLICIT_RETAIN_SELF = YES;
				CLANG_WARN_OBJC_LITERAL_CONVERSION = YES;
				CLANG_WARN_OBJC_ROOT_CLASS = YES_ERROR;
				CLANG_WARN_RANGE_LOOP_ANALYSIS = YES;
				CLANG_WARN_STRICT_PROTOTYPES = YES;
				CLANG_WARN_SUSPICIOUS_MOVE = YES;
				CLANG_WARN_UNGUARDED_AVAILABILITY = YES_AGGRESSIVE;
				CLANG_WARN_UNREACHABLE_CODE = YES;
				CLANG_WARN__DUPLICATE_METHOD_MATCH = YES;
				COPY_PHASE_STRIP = NO;
				DEBUG_INFORMATION_FORMAT = dwarf;
				ENABLE_STRICT_OBJC_MSGSEND = YES;
				ENABLE_TESTABILITY = YES;
				GCC_C_LANGUAGE_STANDARD = gnu11;
				GCC_DYNAMIC_NO_PIC = NO;
				GCC_NO_COMMON_BLOCKS = YES;
				GCC_OPTIMIZATION_LEVEL = 0;
				GCC_PREPROCESSOR_DEFINITIONS = (
					"DEBUG=1",
					"$(inherited)",
				);
				GCC_WARN_64_TO_32_BIT_CONVERSION = YES;
				GCC_WARN_ABOUT_RETURN_TYPE = YES_ERROR;
				GCC_WARN_UNDECLARED_SELECTOR = YES;
				GCC_WARN_UNINITIALIZED_AUTOS = YES_AGGRESSIVE;
				GCC_WARN_UNUSED_FUNCTION = YES;
				GCC_WARN_UNUSED_VARIABLE = YES;
				IPHONEOS_DEPLOYMENT_TARGET = 12.0;
				MTL_ENABLE_DEBUG_INFO = INCLUDE_SOURCE;
				MTL_FAST_MATH = YES;
				ONLY_ACTIVE_ARCH = YES;
				SDKROOT = iphoneos;
				SWIFT_ACTIVE_COMPILATION_CONDITIONS = DEBUG;
				SWIFT_OPTIMIZATION_LEVEL = "-Onone";
			};
			name = Debug;
		};
		7F51359023E114250043438D /* Release */ = {
			isa = XCBuildConfiguration;
			buildSettings = {
				ALWAYS_SEARCH_USER_PATHS = NO;
				CLANG_ANALYZER_NONNULL = YES;
				CLANG_ANALYZER_NUMBER_OBJECT_CONVERSION = YES_AGGRESSIVE;
				CLANG_CXX_LANGUAGE_STANDARD = "gnu++14";
				CLANG_CXX_LIBRARY = "libc++";
				CLANG_ENABLE_MODULES = YES;
				CLANG_ENABLE_OBJC_ARC = YES;
				CLANG_ENABLE_OBJC_WEAK = YES;
				CLANG_WARN_BLOCK_CAPTURE_AUTORELEASING = YES;
				CLANG_WARN_BOOL_CONVERSION = YES;
				CLANG_WARN_COMMA = YES;
				CLANG_WARN_CONSTANT_CONVERSION = YES;
				CLANG_WARN_DEPRECATED_OBJC_IMPLEMENTATIONS = YES;
				CLANG_WARN_DIRECT_OBJC_ISA_USAGE = YES_ERROR;
				CLANG_WARN_DOCUMENTATION_COMMENTS = YES;
				CLANG_WARN_EMPTY_BODY = YES;
				CLANG_WARN_ENUM_CONVERSION = YES;
				CLANG_WARN_INFINITE_RECURSION = YES;
				CLANG_WARN_INT_CONVERSION = YES;
				CLANG_WARN_NON_LITERAL_NULL_CONVERSION = YES;
				CLANG_WARN_OBJC_IMPLICIT_RETAIN_SELF = YES;
				CLANG_WARN_OBJC_LITERAL_CONVERSION = YES;
				CLANG_WARN_OBJC_ROOT_CLASS = YES_ERROR;
				CLANG_WARN_RANGE_LOOP_ANALYSIS = YES;
				CLANG_WARN_STRICT_PROTOTYPES = YES;
				CLANG_WARN_SUSPICIOUS_MOVE = YES;
				CLANG_WARN_UNGUARDED_AVAILABILITY = YES_AGGRESSIVE;
				CLANG_WARN_UNREACHABLE_CODE = YES;
				CLANG_WARN__DUPLICATE_METHOD_MATCH = YES;
				COPY_PHASE_STRIP = NO;
				DEBUG_INFORMATION_FORMAT = "dwarf-with-dsym";
				ENABLE_NS_ASSERTIONS = NO;
				ENABLE_STRICT_OBJC_MSGSEND = YES;
				GCC_C_LANGUAGE_STANDARD = gnu11;
				GCC_NO_COMMON_BLOCKS = YES;
				GCC_WARN_64_TO_32_BIT_CONVERSION = YES;
				GCC_WARN_ABOUT_RETURN_TYPE = YES_ERROR;
				GCC_WARN_UNDECLARED_SELECTOR = YES;
				GCC_WARN_UNINITIALIZED_AUTOS = YES_AGGRESSIVE;
				GCC_WARN_UNUSED_FUNCTION = YES;
				GCC_WARN_UNUSED_VARIABLE = YES;
				IPHONEOS_DEPLOYMENT_TARGET = 12.0;
				MTL_ENABLE_DEBUG_INFO = NO;
				MTL_FAST_MATH = YES;
				SDKROOT = iphoneos;
				SWIFT_COMPILATION_MODE = wholemodule;
				SWIFT_OPTIMIZATION_LEVEL = "-O";
				VALIDATE_PRODUCT = YES;
			};
			name = Release;
		};
		7F51359223E114250043438D /* Debug */ = {
			isa = XCBuildConfiguration;
			baseConfigurationReference = 3C4E79B8931820316F42A5A1 /* Pods-ios-example.debug.xcconfig */;
			buildSettings = {
				ASSETCATALOG_COMPILER_APPICON_NAME = AppIcon;
				CODE_SIGN_STYLE = Automatic;
				DEVELOPMENT_TEAM = G8525944WC;
				INFOPLIST_FILE = "ios-example/Info.plist";
				IPHONEOS_DEPLOYMENT_TARGET = 12.0;
				LD_RUNPATH_SEARCH_PATHS = (
					"$(inherited)",
					"@executable_path/Frameworks",
				);
				PRODUCT_BUNDLE_IDENTIFIER = "app.ios-example-";
				PRODUCT_NAME = "$(TARGET_NAME)";
				SWIFT_VERSION = 5.0;
				TARGETED_DEVICE_FAMILY = "1,2";
			};
			name = Debug;
		};
		7F51359323E114250043438D /* Release */ = {
			isa = XCBuildConfiguration;
			baseConfigurationReference = 2E44D8B391EE6B1D78B3DAC1 /* Pods-ios-example.release.xcconfig */;
			buildSettings = {
				ASSETCATALOG_COMPILER_APPICON_NAME = AppIcon;
				CODE_SIGN_STYLE = Automatic;
				DEVELOPMENT_TEAM = AM2A35C3AY;
				INFOPLIST_FILE = "ios-example/Info.plist";
				IPHONEOS_DEPLOYMENT_TARGET = 12.0;
				LD_RUNPATH_SEARCH_PATHS = (
					"$(inherited)",
					"@executable_path/Frameworks",
				);
				PRODUCT_BUNDLE_IDENTIFIER = "app.ios-example";
				PRODUCT_NAME = "$(TARGET_NAME)";
				SWIFT_VERSION = 5.0;
				TARGETED_DEVICE_FAMILY = "1,2";
			};
			name = Release;
		};
/* End XCBuildConfiguration section */

/* Begin XCConfigurationList section */
		7F51357823E114240043438D /* Build configuration list for PBXProject "ios-example" */ = {
			isa = XCConfigurationList;
			buildConfigurations = (
				7F51358F23E114250043438D /* Debug */,
				7F51359023E114250043438D /* Release */,
			);
			defaultConfigurationIsVisible = 0;
			defaultConfigurationName = Release;
		};
		7F51359123E114250043438D /* Build configuration list for PBXNativeTarget "ios-example" */ = {
			isa = XCConfigurationList;
			buildConfigurations = (
				7F51359223E114250043438D /* Debug */,
				7F51359323E114250043438D /* Release */,
			);
			defaultConfigurationIsVisible = 0;
			defaultConfigurationName = Release;
		};
/* End XCConfigurationList section */
	};
	rootObject = 7F51357523E114240043438D /* Project object */;
}
